# THIS IS AN AUTOGENERATED FILE. DO NOT EDIT THIS FILE DIRECTLY.
# yarn lockfile v1


"@bazel/bazelisk@latest":
  version "1.5.0"
  resolved "https://registry.yarnpkg.com/@bazel/bazelisk/-/bazelisk-1.5.0.tgz#61f583ed93be138b47be7180403938ea4057f54b"
  integrity sha512-qhOGN1WmfZYNJXGrRL/0byii9hX5FBomMv3WWI2OEL2+Bxm4t/bR3zMxN3xwQX1C8meSSrAfKGSzxVOZfpJsOg==

"@bazel/buildifier@latest":
  version "3.2.1"
  resolved "https://registry.yarnpkg.com/@bazel/buildifier/-/buildifier-3.2.1.tgz#5f0176b11f159d72d05d3bae6047a038a778fb8e"
  integrity sha512-rMN3OA3QYUwVj0LaN1Krc9sU46sRVV+S2aybEdtX3n9JGc0H8hxRl1DIurB6ELAFidFZBbNW3cR32p51cYuMHw==

"@bazel/ibazel@latest":
  version "0.13.1"
  resolved "https://registry.yarnpkg.com/@bazel/ibazel/-/ibazel-0.13.1.tgz#23788f67a6fbe83d96f2d055691df4917c10ac8d"
  integrity sha512-FO1hBKpzpeBL0adnFYF2Dwl/7gox6ccKM6bb+x26AXrQpLbinXPuTi4zeXRL/MW4383mF6i4RovLCmwUU/YW0w==

graphql@^15.1.0:
  version "15.1.0"
  resolved "https://registry.yarnpkg.com/graphql/-/graphql-15.1.0.tgz#b93e28de805294ec08e1630d901db550cb8960a1"
  integrity sha512-0TVyfOlCGhv/DBczQkJmwXOK6fjWkjzY3Pt7wY8i0gcYXq8aogG3weCsg48m72lywKSeOqedEHvVPOvZvSD51Q==
